// !$*UTF8*$!
{
	archiveVersion = 1;
	classes = {
	};
	objectVersion = 56;
	objects = {

/* Begin PBXBuildFile section */
		E410E73B2BDAE106000BC7F8 /* DailyActivities_4_25App.swift in Sources */ = {isa = PBXBuildFile; fileRef = E410E73A2BDAE106000BC7F8 /* DailyActivities_4_25App.swift */; };
		E410E73D2BDAE106000BC7F8 /* ContentView.swift in Sources */ = {isa = PBXBuildFile; fileRef = E410E73C2BDAE106000BC7F8 /* ContentView.swift */; };
		E410E73F2BDAE108000BC7F8 /* Assets.xcassets in Resources */ = {isa = PBXBuildFile; fileRef = E410E73E2BDAE108000BC7F8 /* Assets.xcassets */; };
		E410E7422BDAE108000BC7F8 /* Preview Assets.xcassets in Resources */ = {isa = PBXBuildFile; fileRef = E410E7412BDAE108000BC7F8 /* Preview Assets.xcassets */; };
		E410E74C2BDAE108000BC7F8 /* DailyActivities_4_25Tests.swift in Sources */ = {isa = PBXBuildFile; fileRef = E410E74B2BDAE108000BC7F8 /* DailyActivities_4_25Tests.swift */; };
		E410E7562BDAE108000BC7F8 /* DailyActivities_4_25UITests.swift in Sources */ = {isa = PBXBuildFile; fileRef = E410E7552BDAE108000BC7F8 /* DailyActivities_4_25UITests.swift */; };
		E410E7582BDAE108000BC7F8 /* DailyActivities_4_25UITestsLaunchTests.swift in Sources */ = {isa = PBXBuildFile; fileRef = E410E7572BDAE108000BC7F8 /* DailyActivities_4_25UITestsLaunchTests.swift */; };
/* End PBXBuildFile section */

/* Begin PBXContainerItemProxy section */
		E410E7482BDAE108000BC7F8 /* PBXContainerItemProxy */ = {
			isa = PBXContainerItemProxy;
			containerPortal = E410E72F2BDAE106000BC7F8 /* Project object */;
			proxyType = 1;
			remoteGlobalIDString = E410E7362BDAE106000BC7F8;
			remoteInfo = "DailyActivities 4.25";
		};
		E410E7522BDAE108000BC7F8 /* PBXContainerItemProxy */ = {
			isa = PBXContainerItemProxy;
			containerPortal = E410E72F2BDAE106000BC7F8 /* Project object */;
			proxyType = 1;
			remoteGlobalIDString = E410E7362BDAE106000BC7F8;
			remoteInfo = "DailyActivities 4.25";
		};
/* End PBXContainerItemProxy section */

/* Begin PBXFileReference section */
		E410E7372BDAE106000BC7F8 /* DailyActivities 4.25.app */ = {isa = PBXFileReference; explicitFileType = wrapper.application; includeInIndex = 0; path = "DailyActivities 4.25.app"; sourceTree = BUILT_PRODUCTS_DIR; };
		E410E73A2BDAE106000BC7F8 /* DailyActivities_4_25App.swift */ = {isa = PBXFileReference; lastKnownFileType = sourcecode.swift; path = DailyActivities_4_25App.swift; sourceTree = "<group>"; };
		E410E73C2BDAE106000BC7F8 /* ContentView.swift */ = {isa = PBXFileReference; lastKnownFileType = sourcecode.swift; path = ContentView.swift; sourceTree = "<group>"; };
		E410E73E2BDAE108000BC7F8 /* Assets.xcassets */ = {isa = PBXFileReference; lastKnownFileType = folder.assetcatalog; path = Assets.xcassets; sourceTree = "<group>"; };
		E410E7412BDAE108000BC7F8 /* Preview Assets.xcassets */ = {isa = PBXFileReference; lastKnownFileType = folder.assetcatalog; path = "Preview Assets.xcassets"; sourceTree = "<group>"; };
		E410E7472BDAE108000BC7F8 /* DailyActivities 4.25Tests.xctest */ = {isa = PBXFileReference; explicitFileType = wrapper.cfbundle; includeInIndex = 0; path = "DailyActivities 4.25Tests.xctest"; sourceTree = BUILT_PRODUCTS_DIR; };
		E410E74B2BDAE108000BC7F8 /* DailyActivities_4_25Tests.swift */ = {isa = PBXFileReference; lastKnownFileType = sourcecode.swift; path = DailyActivities_4_25Tests.swift; sourceTree = "<group>"; };
		E410E7512BDAE108000BC7F8 /* DailyActivities 4.25UITests.xctest */ = {isa = PBXFileReference; explicitFileType = wrapper.cfbundle; includeInIndex = 0; path = "DailyActivities 4.25UITests.xctest"; sourceTree = BUILT_PRODUCTS_DIR; };
		E410E7552BDAE108000BC7F8 /* DailyActivities_4_25UITests.swift */ = {isa = PBXFileReference; lastKnownFileType = sourcecode.swift; path = DailyActivities_4_25UITests.swift; sourceTree = "<group>"; };
		E410E7572BDAE108000BC7F8 /* DailyActivities_4_25UITestsLaunchTests.swift */ = {isa = PBXFileReference; lastKnownFileType = sourcecode.swift; path = DailyActivities_4_25UITestsLaunchTests.swift; sourceTree = "<group>"; };
/* End PBXFileReference section */

/* Begin PBXFrameworksBuildPhase section */
		E410E7342BDAE106000BC7F8 /* Frameworks */ = {
			isa = PBXFrameworksBuildPhase;
			buildActionMask = 2147483647;
			files = (
			);
			runOnlyForDeploymentPostprocessing = 0;
		};
		E410E7442BDAE108000BC7F8 /* Frameworks */ = {
			isa = PBXFrameworksBuildPhase;
			buildActionMask = 2147483647;
			files = (
			);
			runOnlyForDeploymentPostprocessing = 0;
		};
		E410E74E2BDAE108000BC7F8 /* Frameworks */ = {
			isa = PBXFrameworksBuildPhase;
			buildActionMask = 2147483647;
			files = (
			);
			runOnlyForDeploymentPostprocessing = 0;
		};
/* End PBXFrameworksBuildPhase section */

/* Begin PBXGroup section */
		E410E72E2BDAE106000BC7F8 = {
			isa = PBXGroup;
			children = (
				E410E7392BDAE106000BC7F8 /* DailyActivities 4.25 */,
				E410E74A2BDAE108000BC7F8 /* DailyActivities 4.25Tests */,
				E410E7542BDAE108000BC7F8 /* DailyActivities 4.25UITests */,
				E410E7382BDAE106000BC7F8 /* Products */,
			);
			sourceTree = "<group>";
		};
		E410E7382BDAE106000BC7F8 /* Products */ = {
			isa = PBXGroup;
			children = (
				E410E7372BDAE106000BC7F8 /* DailyActivities 4.25.app */,
				E410E7472BDAE108000BC7F8 /* DailyActivities 4.25Tests.xctest */,
				E410E7512BDAE108000BC7F8 /* DailyActivities 4.25UITests.xctest */,
			);
			name = Products;
			sourceTree = "<group>";
		};
		E410E7392BDAE106000BC7F8 /* DailyActivities 4.25 */ = {
			isa = PBXGroup;
			children = (
				E410E73A2BDAE106000BC7F8 /* DailyActivities_4_25App.swift */,
				E410E73C2BDAE106000BC7F8 /* ContentView.swift */,
				E410E73E2BDAE108000BC7F8 /* Assets.xcassets */,
				E410E7402BDAE108000BC7F8 /* Preview Content */,
			);
			path = "DailyActivities 4.25";
			sourceTree = "<group>";
		};
		E410E7402BDAE108000BC7F8 /* Preview Content */ = {
			isa = PBXGroup;
			children = (
				E410E7412BDAE108000BC7F8 /* Preview Assets.xcassets */,
			);
			path = "Preview Content";
			sourceTree = "<group>";
		};
		E410E74A2BDAE108000BC7F8 /* DailyActivities 4.25Tests */ = {
			isa = PBXGroup;
			children = (
				E410E74B2BDAE108000BC7F8 /* DailyActivities_4_25Tests.swift */,
			);
			path = "DailyActivities 4.25Tests";
			sourceTree = "<group>";
		};
		E410E7542BDAE108000BC7F8 /* DailyActivities 4.25UITests */ = {
			isa = PBXGroup;
			children = (
				E410E7552BDAE108000BC7F8 /* DailyActivities_4_25UITests.swift */,
				E410E7572BDAE108000BC7F8 /* DailyActivities_4_25UITestsLaunchTests.swift */,
			);
			path = "DailyActivities 4.25UITests";
			sourceTree = "<group>";
		};
/* End PBXGroup section */

/* Begin PBXNativeTarget section */
		E410E7362BDAE106000BC7F8 /* DailyActivities 4.25 */ = {
			isa = PBXNativeTarget;
			buildConfigurationList = E410E75B2BDAE108000BC7F8 /* Build configuration list for PBXNativeTarget "DailyActivities 4.25" */;
			buildPhases = (
				E410E7332BDAE106000BC7F8 /* Sources */,
				E410E7342BDAE106000BC7F8 /* Frameworks */,
				E410E7352BDAE106000BC7F8 /* Resources */,
			);
			buildRules = (
			);
			dependencies = (
			);
			name = "DailyActivities 4.25";
			productName = "DailyActivities 4.25";
			productReference = E410E7372BDAE106000BC7F8 /* DailyActivities 4.25.app */;
			productType = "com.apple.product-type.application";
		};
		E410E7462BDAE108000BC7F8 /* DailyActivities 4.25Tests */ = {
			isa = PBXNativeTarget;
			buildConfigurationList = E410E75E2BDAE108000BC7F8 /* Build configuration list for PBXNativeTarget "DailyActivities 4.25Tests" */;
			buildPhases = (
				E410E7432BDAE108000BC7F8 /* Sources */,
				E410E7442BDAE108000BC7F8 /* Frameworks */,
				E410E7452BDAE108000BC7F8 /* Resources */,
			);
			buildRules = (
			);
			dependencies = (
				E410E7492BDAE108000BC7F8 /* PBXTargetDependency */,
			);
			name = "DailyActivities 4.25Tests";
			productName = "DailyActivities 4.25Tests";
			productReference = E410E7472BDAE108000BC7F8 /* DailyActivities 4.25Tests.xctest */;
			productType = "com.apple.product-type.bundle.unit-test";
		};
		E410E7502BDAE108000BC7F8 /* DailyActivities 4.25UITests */ = {
			isa = PBXNativeTarget;
			buildConfigurationList = E410E7612BDAE108000BC7F8 /* Build configuration list for PBXNativeTarget "DailyActivities 4.25UITests" */;
			buildPhases = (
				E410E74D2BDAE108000BC7F8 /* Sources */,
				E410E74E2BDAE108000BC7F8 /* Frameworks */,
				E410E74F2BDAE108000BC7F8 /* Resources */,
			);
			buildRules = (
			);
			dependencies = (
				E410E7532BDAE108000BC7F8 /* PBXTargetDependency */,
			);
			name = "DailyActivities 4.25UITests";
			productName = "DailyActivities 4.25UITests";
			productReference = E410E7512BDAE108000BC7F8 /* DailyActivities 4.25UITests.xctest */;
			productType = "com.apple.product-type.bundle.ui-testing";
		};
/* End PBXNativeTarget section */

/* Begin PBXProject section */
		E410E72F2BDAE106000BC7F8 /* Project object */ = {
			isa = PBXProject;
			attributes = {
				BuildIndependentTargetsInParallel = 1;
				LastSwiftUpdateCheck = 1510;
				LastUpgradeCheck = 1510;
				TargetAttributes = {
					E410E7362BDAE106000BC7F8 = {
						CreatedOnToolsVersion = 15.1;
					};
					E410E7462BDAE108000BC7F8 = {
						CreatedOnToolsVersion = 15.1;
						TestTargetID = E410E7362BDAE106000BC7F8;
					};
					E410E7502BDAE108000BC7F8 = {
						CreatedOnToolsVersion = 15.1;
						TestTargetID = E410E7362BDAE106000BC7F8;
					};
				};
			};
			buildConfigurationList = E410E7322BDAE106000BC7F8 /* Build configuration list for PBXProject "DailyActivities 4.25" */;
			compatibilityVersion = "Xcode 14.0";
			developmentRegion = en;
			hasScannedForEncodings = 0;
			knownRegions = (
				en,
				Base,
			);
			mainGroup = E410E72E2BDAE106000BC7F8;
			productRefGroup = E410E7382BDAE106000BC7F8 /* Products */;
			projectDirPath = "";
			projectRoot = "";
			targets = (
				E410E7362BDAE106000BC7F8 /* DailyActivities 4.25 */,
				E410E7462BDAE108000BC7F8 /* DailyActivities 4.25Tests */,
				E410E7502BDAE108000BC7F8 /* DailyActivities 4.25UITests */,
			);
		};
/* End PBXProject section */

/* Begin PBXResourcesBuildPhase section */
		E410E7352BDAE106000BC7F8 /* Resources */ = {
			isa = PBXResourcesBuildPhase;
			buildActionMask = 2147483647;
			files = (
				E410E7422BDAE108000BC7F8 /* Preview Assets.xcassets in Resources */,
				E410E73F2BDAE108000BC7F8 /* Assets.xcassets in Resources */,
			);
			runOnlyForDeploymentPostprocessing = 0;
		};
		E410E7452BDAE108000BC7F8 /* Resources */ = {
			isa = PBXResourcesBuildPhase;
			buildActionMask = 2147483647;
			files = (
			);
			runOnlyForDeploymentPostprocessing = 0;
		};
		E410E74F2BDAE108000BC7F8 /* Resources */ = {
			isa = PBXResourcesBuildPhase;
			buildActionMask = 2147483647;
			files = (
			);
			runOnlyForDeploymentPostprocessing = 0;
		};
/* End PBXResourcesBuildPhase section */

/* Begin PBXSourcesBuildPhase section */
		E410E7332BDAE106000BC7F8 /* Sources */ = {
			isa = PBXSourcesBuildPhase;
			buildActionMask = 2147483647;
			files = (
				E410E73D2BDAE106000BC7F8 /* ContentView.swift in Sources */,
				E410E73B2BDAE106000BC7F8 /* DailyActivities_4_25App.swift in Sources */,
			);
			runOnlyForDeploymentPostprocessing = 0;
		};
		E410E7432BDAE108000BC7F8 /* Sources */ = {
			isa = PBXSourcesBuildPhase;
			buildActionMask = 2147483647;
			files = (
				E410E74C2BDAE108000BC7F8 /* DailyActivities_4_25Tests.swift in Sources */,
			);
			runOnlyForDeploymentPostprocessing = 0;
		};
		E410E74D2BDAE108000BC7F8 /* Sources */ = {
			isa = PBXSourcesBuildPhase;
			buildActionMask = 2147483647;
			files = (
				E410E7562BDAE108000BC7F8 /* DailyActivities_4_25UITests.swift in Sources */,
				E410E7582BDAE108000BC7F8 /* DailyActivities_4_25UITestsLaunchTests.swift in Sources */,
			);
			runOnlyForDeploymentPostprocessing = 0;
		};
/* End PBXSourcesBuildPhase section */

/* Begin PBXTargetDependency section */
		E410E7492BDAE108000BC7F8 /* PBXTargetDependency */ = {
			isa = PBXTargetDependency;
			target = E410E7362BDAE106000BC7F8 /* DailyActivities 4.25 */;
			targetProxy = E410E7482BDAE108000BC7F8 /* PBXContainerItemProxy */;
		};
		E410E7532BDAE108000BC7F8 /* PBXTargetDependency */ = {
			isa = PBXTargetDependency;
			target = E410E7362BDAE106000BC7F8 /* DailyActivities 4.25 */;
			targetProxy = E410E7522BDAE108000BC7F8 /* PBXContainerItemProxy */;
		};
/* End PBXTargetDependency section */

/* Begin XCBuildConfiguration section */
		E410E7592BDAE108000BC7F8 /* Debug */ = {
			isa = XCBuildConfiguration;
			buildSettings = {
				ALWAYS_SEARCH_USER_PATHS = NO;
				ASSETCATALOG_COMPILER_GENERATE_SWIFT_ASSET_SYMBOL_EXTENSIONS = YES;
				CLANG_ANALYZER_NONNULL = YES;
				CLANG_ANALYZER_NUMBER_OBJECT_CONVERSION = YES_AGGRESSIVE;
				CLANG_CXX_LANGUAGE_STANDARD = "gnu++20";
				CLANG_ENABLE_MODULES = YES;
				CLANG_ENABLE_OBJC_ARC = YES;
				CLANG_ENABLE_OBJC_WEAK = YES;
				CLANG_WARN_BLOCK_CAPTURE_AUTORELEASING = YES;
				CLANG_WARN_BOOL_CONVERSION = YES;
				CLANG_WARN_COMMA = YES;
				CLANG_WARN_CONSTANT_CONVERSION = YES;
				CLANG_WARN_DEPRECATED_OBJC_IMPLEMENTATIONS = YES;
				CLANG_WARN_DIRECT_OBJC_ISA_USAGE = YES_ERROR;
				CLANG_WARN_DOCUMENTATION_COMMENTS = YES;
				CLANG_WARN_EMPTY_BODY = YES;
				CLANG_WARN_ENUM_CONVERSION = YES;
				CLANG_WARN_INFINITE_RECURSION = YES;
				CLANG_WARN_INT_CONVERSION = YES;
				CLANG_WARN_NON_LITERAL_NULL_CONVERSION = YES;
				CLANG_WARN_OBJC_IMPLICIT_RETAIN_SELF = YES;
				CLANG_WARN_OBJC_LITERAL_CONVERSION = YES;
				CLANG_WARN_OBJC_ROOT_CLASS = YES_ERROR;
				CLANG_WARN_QUOTED_INCLUDE_IN_FRAMEWORK_HEADER = YES;
				CLANG_WARN_RANGE_LOOP_ANALYSIS = YES;
				CLANG_WARN_STRICT_PROTOTYPES = YES;
				CLANG_WARN_SUSPICIOUS_MOVE = YES;
				CLANG_WARN_UNGUARDED_AVAILABILITY = YES_AGGRESSIVE;
				CLANG_WARN_UNREACHABLE_CODE = YES;
				CLANG_WARN__DUPLICATE_METHOD_MATCH = YES;
				COPY_PHASE_STRIP = NO;
				DEBUG_INFORMATION_FORMAT = dwarf;
				ENABLE_STRICT_OBJC_MSGSEND = YES;
				ENABLE_TESTABILITY = YES;
				ENABLE_USER_SCRIPT_SANDBOXING = YES;
				GCC_C_LANGUAGE_STANDARD = gnu17;
				GCC_DYNAMIC_NO_PIC = NO;
				GCC_NO_COMMON_BLOCKS = YES;
				GCC_OPTIMIZATION_LEVEL = 0;
				GCC_PREPROCESSOR_DEFINITIONS = (
					"DEBUG=1",
					"$(inherited)",
				);
				GCC_WARN_64_TO_32_BIT_CONVERSION = YES;
				GCC_WARN_ABOUT_RETURN_TYPE = YES_ERROR;
				GCC_WARN_UNDECLARED_SELECTOR = YES;
				GCC_WARN_UNINITIALIZED_AUTOS = YES_AGGRESSIVE;
				GCC_WARN_UNUSED_FUNCTION = YES;
				GCC_WARN_UNUSED_VARIABLE = YES;
				IPHONEOS_DEPLOYMENT_TARGET = 17.2;
				LOCALIZATION_PREFERS_STRING_CATALOGS = YES;
				MTL_ENABLE_DEBUG_INFO = INCLUDE_SOURCE;
				MTL_FAST_MATH = YES;
				ONLY_ACTIVE_ARCH = YES;
				SDKROOT = iphoneos;
				SWIFT_ACTIVE_COMPILATION_CONDITIONS = "DEBUG $(inherited)";
				SWIFT_OPTIMIZATION_LEVEL = "-Onone";
			};
			name = Debug;
		};
		E410E75A2BDAE108000BC7F8 /* Release */ = {
			isa = XCBuildConfiguration;
			buildSettings = {
				ALWAYS_SEARCH_USER_PATHS = NO;
				ASSETCATALOG_COMPILER_GENERATE_SWIFT_ASSET_SYMBOL_EXTENSIONS = YES;
				CLANG_ANALYZER_NONNULL = YES;
				CLANG_ANALYZER_NUMBER_OBJECT_CONVERSION = YES_AGGRESSIVE;
				CLANG_CXX_LANGUAGE_STANDARD = "gnu++20";
				CLANG_ENABLE_MODULES = YES;
				CLANG_ENABLE_OBJC_ARC = YES;
				CLANG_ENABLE_OBJC_WEAK = YES;
				CLANG_WARN_BLOCK_CAPTURE_AUTORELEASING = YES;
				CLANG_WARN_BOOL_CONVERSION = YES;
				CLANG_WARN_COMMA = YES;
				CLANG_WARN_CONSTANT_CONVERSION = YES;
				CLANG_WARN_DEPRECATED_OBJC_IMPLEMENTATIONS = YES;
				CLANG_WARN_DIRECT_OBJC_ISA_USAGE = YES_ERROR;
				CLANG_WARN_DOCUMENTATION_COMMENTS = YES;
				CLANG_WARN_EMPTY_BODY = YES;
				CLANG_WARN_ENUM_CONVERSION = YES;
				CLANG_WARN_INFINITE_RECURSION = YES;
				CLANG_WARN_INT_CONVERSION = YES;
				CLANG_WARN_NON_LITERAL_NULL_CONVERSION = YES;
				CLANG_WARN_OBJC_IMPLICIT_RETAIN_SELF = YES;
				CLANG_WARN_OBJC_LITERAL_CONVERSION = YES;
				CLANG_WARN_OBJC_ROOT_CLASS = YES_ERROR;
				CLANG_WARN_QUOTED_INCLUDE_IN_FRAMEWORK_HEADER = YES;
				CLANG_WARN_RANGE_LOOP_ANALYSIS = YES;
				CLANG_WARN_STRICT_PROTOTYPES = YES;
				CLANG_WARN_SUSPICIOUS_MOVE = YES;
				CLANG_WARN_UNGUARDED_AVAILABILITY = YES_AGGRESSIVE;
				CLANG_WARN_UNREACHABLE_CODE = YES;
				CLANG_WARN__DUPLICATE_METHOD_MATCH = YES;
				COPY_PHASE_STRIP = NO;
				DEBUG_INFORMATION_FORMAT = "dwarf-with-dsym";
				ENABLE_NS_ASSERTIONS = NO;
				ENABLE_STRICT_OBJC_MSGSEND = YES;
				ENABLE_USER_SCRIPT_SANDBOXING = YES;
				GCC_C_LANGUAGE_STANDARD = gnu17;
				GCC_NO_COMMON_BLOCKS = YES;
				GCC_WARN_64_TO_32_BIT_CONVERSION = YES;
				GCC_WARN_ABOUT_RETURN_TYPE = YES_ERROR;
				GCC_WARN_UNDECLARED_SELECTOR = YES;
				GCC_WARN_UNINITIALIZED_AUTOS = YES_AGGRESSIVE;
				GCC_WARN_UNUSED_FUNCTION = YES;
				GCC_WARN_UNUSED_VARIABLE = YES;
				IPHONEOS_DEPLOYMENT_TARGET = 17.2;
				LOCALIZATION_PREFERS_STRING_CATALOGS = YES;
				MTL_ENABLE_DEBUG_INFO = NO;
				MTL_FAST_MATH = YES;
				SDKROOT = iphoneos;
				SWIFT_COMPILATION_MODE = wholemodule;
				VALIDATE_PRODUCT = YES;
			};
			name = Release;
		};
		E410E75C2BDAE108000BC7F8 /* Debug */ = {
			isa = XCBuildConfiguration;
			buildSettings = {
				ASSETCATALOG_COMPILER_APPICON_NAME = AppIcon;
				ASSETCATALOG_COMPILER_GLOBAL_ACCENT_COLOR_NAME = AccentColor;
				CODE_SIGN_STYLE = Automatic;
				CURRENT_PROJECT_VERSION = 1;
				DEVELOPMENT_ASSET_PATHS = "\"DailyActivities 4.25/Preview Content\"";
				DEVELOPMENT_TEAM = P245NB73JW;
				ENABLE_PREVIEWS = YES;
				GENERATE_INFOPLIST_FILE = YES;
				INFOPLIST_KEY_UIApplicationSceneManifest_Generation = YES;
				INFOPLIST_KEY_UIApplicationSupportsIndirectInputEvents = YES;
				INFOPLIST_KEY_UILaunchScreen_Generation = YES;
				INFOPLIST_KEY_UISupportedInterfaceOrientations_iPad = "UIInterfaceOrientationPortrait UIInterfaceOrientationPortraitUpsideDown UIInterfaceOrientationLandscapeLeft UIInterfaceOrientationLandscapeRight";
				INFOPLIST_KEY_UISupportedInterfaceOrientations_iPhone = "UIInterfaceOrientationPortrait UIInterfaceOrientationLandscapeLeft UIInterfaceOrientationLandscapeRight";
				LD_RUNPATH_SEARCH_PATHS = (
					"$(inherited)",
					"@executable_path/Frameworks",
				);
				MARKETING_VERSION = 1.0;
				PRODUCT_BUNDLE_IDENTIFIER = "com.DailyActivities-4-25";
				PRODUCT_NAME = "$(TARGET_NAME)";
				SWIFT_EMIT_LOC_STRINGS = YES;
				SWIFT_VERSION = 5.0;
				TARGETED_DEVICE_FAMILY = "1,2";
			};
			name = Debug;
		};
		E410E75D2BDAE108000BC7F8 /* Release */ = {
			isa = XCBuildConfiguration;
			buildSettings = {
				ASSETCATALOG_COMPILER_APPICON_NAME = AppIcon;
				ASSETCATALOG_COMPILER_GLOBAL_ACCENT_COLOR_NAME = AccentColor;
				CODE_SIGN_STYLE = Automatic;
				CURRENT_PROJECT_VERSION = 1;
				DEVELOPMENT_ASSET_PATHS = "\"DailyActivities 4.25/Preview Content\"";
				DEVELOPMENT_TEAM = P245NB73JW;
				ENABLE_PREVIEWS = YES;
				GENERATE_INFOPLIST_FILE = YES;
				INFOPLIST_KEY_UIApplicationSceneManifest_Generation = YES;
				INFOPLIST_KEY_UIApplicationSupportsIndirectInputEvents = YES;
				INFOPLIST_KEY_UILaunchScreen_Generation = YES;
				INFOPLIST_KEY_UISupportedInterfaceOrientations_iPad = "UIInterfaceOrientationPortrait UIInterfaceOrientationPortraitUpsideDown UIInterfaceOrientationLandscapeLeft UIInterfaceOrientationLandscapeRight";
				INFOPLIST_KEY_UISupportedInterfaceOrientations_iPhone = "UIInterfaceOrientationPortrait UIInterfaceOrientationLandscapeLeft UIInterfaceOrientationLandscapeRight";
				LD_RUNPATH_SEARCH_PATHS = (
					"$(inherited)",
					"@executable_path/Frameworks",
				);
				MARKETING_VERSION = 1.0;
				PRODUCT_BUNDLE_IDENTIFIER = "com.DailyActivities-4-25";
				PRODUCT_NAME = "$(TARGET_NAME)";
				SWIFT_EMIT_LOC_STRINGS = YES;
				SWIFT_VERSION = 5.0;
				TARGETED_DEVICE_FAMILY = "1,2";
			};
			name = Release;
		};
		E410E75F2BDAE108000BC7F8 /* Debug */ = {
			isa = XCBuildConfiguration;
			buildSettings = {
				ALWAYS_EMBED_SWIFT_STANDARD_LIBRARIES = YES;
				BUNDLE_LOADER = "$(TEST_HOST)";
				CODE_SIGN_STYLE = Automatic;
				CURRENT_PROJECT_VERSION = 1;
				DEVELOPMENT_TEAM = P245NB73JW;
				GENERATE_INFOPLIST_FILE = YES;
				IPHONEOS_DEPLOYMENT_TARGET = 17.2;
				MARKETING_VERSION = 1.0;
				PRODUCT_BUNDLE_IDENTIFIER = "com.DailyActivities-4-25Tests";
				PRODUCT_NAME = "$(TARGET_NAME)";
				SWIFT_EMIT_LOC_STRINGS = NO;
				SWIFT_VERSION = 5.0;
				TARGETED_DEVICE_FAMILY = "1,2";
				TEST_HOST = "$(BUILT_PRODUCTS_DIR)/DailyActivities 4.25.app/$(BUNDLE_EXECUTABLE_FOLDER_PATH)/DailyActivities 4.25";
			};
			name = Debug;
		};
		E410E7602BDAE108000BC7F8 /* Release */ = {
			isa = XCBuildConfiguration;
			buildSettings = {
				ALWAYS_EMBED_SWIFT_STANDARD_LIBRARIES = YES;
				BUNDLE_LOADER = "$(TEST_HOST)";
				CODE_SIGN_STYLE = Automatic;
				CURRENT_PROJECT_VERSION = 1;
				DEVELOPMENT_TEAM = P245NB73JW;
				GENERATE_INFOPLIST_FILE = YES;
				IPHONEOS_DEPLOYMENT_TARGET = 17.2;
				MARKETING_VERSION = 1.0;
				PRODUCT_BUNDLE_IDENTIFIER = "com.DailyActivities-4-25Tests";
				PRODUCT_NAME = "$(TARGET_NAME)";
				SWIFT_EMIT_LOC_STRINGS = NO;
				SWIFT_VERSION = 5.0;
				TARGETED_DEVICE_FAMILY = "1,2";
				TEST_HOST = "$(BUILT_PRODUCTS_DIR)/DailyActivities 4.25.app/$(BUNDLE_EXECUTABLE_FOLDER_PATH)/DailyActivities 4.25";
			};
			name = Release;
		};
		E410E7622BDAE108000BC7F8 /* Debug */ = {
			isa = XCBuildConfiguration;
			buildSettings = {
				ALWAYS_EMBED_SWIFT_STANDARD_LIBRARIES = YES;
				CODE_SIGN_STYLE = Automatic;
				CURRENT_PROJECT_VERSION = 1;
				DEVELOPMENT_TEAM = P245NB73JW;
				GENERATE_INFOPLIST_FILE = YES;
				MARKETING_VERSION = 1.0;
				PRODUCT_BUNDLE_IDENTIFIER = "com.DailyActivities-4-25UITests";
				PRODUCT_NAME = "$(TARGET_NAME)";
				SWIFT_EMIT_LOC_STRINGS = NO;
				SWIFT_VERSION = 5.0;
				TARGETED_DEVICE_FAMILY = "1,2";
				TEST_TARGET_NAME = "DailyActivities 4.25";
			};
			name = Debug;
		};
		E410E7632BDAE108000BC7F8 /* Release */ = {
			isa = XCBuildConfiguration;
			buildSettings = {
				ALWAYS_EMBED_SWIFT_STANDARD_LIBRARIES = YES;
				CODE_SIGN_STYLE = Automatic;
				CURRENT_PROJECT_VERSION = 1;
				DEVELOPMENT_TEAM = P245NB73JW;
				GENERATE_INFOPLIST_FILE = YES;
				MARKETING_VERSION = 1.0;
				PRODUCT_BUNDLE_IDENTIFIER = "com.DailyActivities-4-25UITests";
				PRODUCT_NAME = "$(TARGET_NAME)";
				SWIFT_EMIT_LOC_STRINGS = NO;
				SWIFT_VERSION = 5.0;
				TARGETED_DEVICE_FAMILY = "1,2";
				TEST_TARGET_NAME = "DailyActivities 4.25";
			};
			name = Release;
		};
/* End XCBuildConfiguration section */

/* Begin XCConfigurationList section */
		E410E7322BDAE106000BC7F8 /* Build configuration list for PBXProject "DailyActivities 4.25" */ = {
			isa = XCConfigurationList;
			buildConfigurations = (
				E410E7592BDAE108000BC7F8 /* Debug */,
				E410E75A2BDAE108000BC7F8 /* Release */,
			);
			defaultConfigurationIsVisible = 0;
			defaultConfigurationName = Release;
		};
		E410E75B2BDAE108000BC7F8 /* Build configuration list for PBXNativeTarget "DailyActivities 4.25" */ = {
			isa = XCConfigurationList;
			buildConfigurations = (
				E410E75C2BDAE108000BC7F8 /* Debug */,
				E410E75D2BDAE108000BC7F8 /* Release */,
			);
			defaultConfigurationIsVisible = 0;
			defaultConfigurationName = Release;
		};
		E410E75E2BDAE108000BC7F8 /* Build configuration list for PBXNativeTarget "DailyActivities 4.25Tests" */ = {
			isa = XCConfigurationList;
			buildConfigurations = (
				E410E75F2BDAE108000BC7F8 /* Debug */,
				E410E7602BDAE108000BC7F8 /* Release */,
			);
			defaultConfigurationIsVisible = 0;
			defaultConfigurationName = Release;
		};
		E410E7612BDAE108000BC7F8 /* Build configuration list for PBXNativeTarget "DailyActivities 4.25UITests" */ = {
			isa = XCConfigurationList;
			buildConfigurations = (
				E410E7622BDAE108000BC7F8 /* Debug */,
				E410E7632BDAE108000BC7F8 /* Release */,
			);
			defaultConfigurationIsVisible = 0;
			defaultConfigurationName = Release;
		};
/* End XCConfigurationList section */
	};
	rootObject = E410E72F2BDAE106000BC7F8 /* Project object */;
}
